
Microsoft Visual Studio Solution File, Format Version 12.00
# Visual Studio Version 17
VisualStudioVersion = 17.1.32228.430
MinimumVisualStudioVersion = 10.0.40219.1
Project("{FAE04EC0-301F-11D3-BF4B-00C04F79EFBC}") = "OOP9", "OOP9.csproj", "{123FE8FB-2796-4355-B4EC-1D087D7B70EC}"
EndProject
Global
	GlobalSection(SolutionConfigurationPlatforms) = preSolution
		Debug|Any CPU = Debug|Any CPU
		Release|Any CPU = Release|Any CPU
	EndGlobalSection
	GlobalSection(ProjectConfigurationPlatforms) = postSolution
		{123FE8FB-2796-4355-B4EC-1D087D7B70EC}.Debug|Any CPU.ActiveCfg = Debug|Any CPU
		{123FE8FB-2796-4355-B4EC-1D087D7B70EC}.Debug|Any CPU.Build.0 = Debug|Any CPU
		{123FE8FB-2796-4355-B4EC-1D087D7B70EC}.Release|Any CPU.ActiveCfg = Release|Any CPU
		{123FE8FB-2796-4355-B4EC-1D087D7B70EC}.Release|Any CPU.Build.0 = Release|Any CPU
	EndGlobalSection
	GlobalSection(SolutionProperties) = preSolution
		HideSolutionNode = FALSE
	EndGlobalSection
	GlobalSection(ExtensibilityGlobals) = postSolution
		SolutionGuid = {73AD8C93-4C90-4395-896B-B6A999671F9F}
	EndGlobalSection
EndGlobal
